github.com/gin-gonic/gin v1.6.3 h1:githubcomgingonicginv1.6.3=
github.com/gin-gonic/gin v1.6.3/go.mod h1:githubcomgingonicginv1.6.3=
golang.org/x/net v0.0.0-20210505024714-0287a6fb4125 h1:golangorgxnetv0.0.0-20210505024714-0287a6fb4125=
golang.org/x/net v0.0.0-20210505024714-0287a6fb4125/go.mod h1:golangorgxnetv0.0.0-20210505024714-0287a6fb4125=
golang.org/x/crypto v0.0.0-20200622213623-75b288015ac9 h1:golangorgxcryptov0.0.0-20200622213623-75b288015ac9=
golang.org/x/crypto v0.0.0-20200622213623-75b288015ac9/go.mod h1:golangorgxcryptov0.0.0-20200622213623-75b288015ac9=
github.com/dgrijalva/jwt-go v3.2.0+incompatible h1:githubcomdgrijalvajwtgov3.2.0+incompatible=
github.com/dgrijalva/jwt-go v3.2.0+incompatible/go.mod h1:githubcomdgrijalvajwtgov3.2.0+incompatible=
github.com/foo/bar v1.4.0 h1:githubcomfoobarv1.4.0=
github.com/foo/bar v1.4.0/go.mod h1:githubcomfoobarv1.4.0=
github.com/foo/bar/v2 v2.1.0 h1:githubcomfoobarv2v2.1.0=
github.com/foo/bar/v2 v2.1.0/go.mod h1:githubcomfoobarv2v2.1.0=
github.com/foo/bar/v3 v3.0.1 h1:githubcomfoobarv3v3.0.1=
github.com/foo/bar/v3 v3.0.1/go.mod h1:githubcomfoobarv3v3.0.1=
github.com/stretchr/testify v1.8.4 h1:githubcomstretchrtestifyv1.8.4=
github.com/stretchr/testify v1.8.4/go.mod h1:githubcomstretchrtestifyv1.8.4=
golang.org/x/sys v0.5.0 h1:golangorgxsysv0.5.0=
golang.org/x/sys v0.5.0/go.mod h1:golangorgxsysv0.5.0=
github.com/acme/httpd v1.0.0 h1:githubcomacmehttpdv1.0.0=
github.com/acme/httpd v1.0.0/go.mod h1:githubcomacmehttpdv1.0.0=
github.com/acme/probe v0.4.0 h1:githubcomacmeprobev0.4.0=
github.com/acme/probe v0.4.0/go.mod h1:githubcomacmeprobev0.4.0=
github.com/acme/cfg v2.3.0 h1:githubcomacmecfgv2.3.0=
github.com/acme/cfg v2.3.0/go.mod h1:githubcomacmecfgv2.3.0=
github.com/acme/stats v1.1.0 h1:githubcomacmestatsv1.1.0=
github.com/acme/stats v1.1.0/go.mod h1:githubcomacmestatsv1.1.0=
