{
  "name": "vuln-lab",
  "version": "1.0.0",
  "lockfileVersion": 3,
  "requires": true,
  "packages": {
    "": {
      "version": "1.0.0"
    },
    "node_modules/lodash": {
      "version": "4.17.11"
    },
    "node_modules/minimist": {
      "version": "0.0.8"
    },
    "node_modules/marked": {
      "version": "0.3.6"
    },
    "node_modules/handlebars": {
      "version": "4.0.11"
    },
    "node_modules/marked/node_modules/lodash": {
      "version": "3.10.1"
    },
    "node_modules/react": {
      "version": "18.2.0"
    },
    "node_modules/handlebars/node_modules/react": {
      "version": "16.8.0"
    },
    "node_modules/marked/node_modules/react": {
      "version": "17.0.2"
    },
    "node_modules/express": {
      "version": "4.18.2"
    },
    "node_modules/handlebars/node_modules/express": {
      "version": "4.16.0"
    },
    "node_modules/minimist/node_modules/lodash": {
      "version": "2.4.2"
    },
    "node_modules/chalk": {
      "version": "5.3.0"
    },
    "node_modules/handlebars/node_modules/chalk": {
      "version": "2.4.2"
    },
    "node_modules/axios": {
      "version": "1.6.0"
    },
    "node_modules/marked/node_modules/axios": {
      "version": "0.21.1"
    },
    "node_modules/express/node_modules/axios": {
      "version": "0.27.2"
    },
    "node_modules/moment": {
      "version": "2.29.4"
    },
    "node_modules/handlebars/node_modules/moment": {
      "version": "2.24.0"
    },
    "node_modules/react/node_modules/react": {
      "version": "15.6.2"
    },
    "node_modules/shimmy-a": {
      "version": "1.0.0"
    },
    "node_modules/shimmy-b": {
      "version": "1.2.0"
    },
    "node_modules/shimmy-c": {
      "version": "3.1.0"
    },
    "node_modules/shimmy-d": {
      "version": "0.9.0"
    },
    "node_modules/shimmy-e": {
      "version": "2.2.2"
    },
    "node_modules/listen-x": {
      "version": "2.0.0"
    },
    "node_modules/listen-y": {
      "version": "1.4.0"
    },
    "node_modules/listen-z": {
      "version": "0.3.0"
    }
  }
}